{
  "name": "react-native-image-zoom-viewer",
  "version": "2.0.8",
  "lockfileVersion": 1,
  "requires": true,
  "dependencies": {
    "@types/react": {
      "version": "15.0.39",
      "resolved": "https://registry.npmjs.org/@types/react/-/react-15.0.39.tgz",
      "integrity": "sha512-rbkuOYo9XIDQf1evW8VQXW/PbiaJM6btbaO18u2pQ4A2PL7t4V+jx9CJp3WtWP+N3mLHiXMaHcdMmA8gSiId4A==",
      "dev": true
    },
    "@types/react-native": {
      "version": "0.46.7",
      "resolved": "https://registry.npmjs.org/@types/react-native/-/react-native-0.46.7.tgz",
      "integrity": "sha512-QlEbsHGw/nysGvSdi9X+esEPo7QH6SQOSPY9BvHbhI1lc152v0Fs2/sJDbRB+k+BbzfIt18XlvLcc1EbyO3Obw==",
      "dev": true,
      "requires": {
        "@types/react": "15.0.39"
      }
    },
    "nt-transmit-transparently": {
      "version": "1.0.7",
      "resolved": "https://registry.npmjs.org/nt-transmit-transparently/-/nt-transmit-transparently-1.0.7.tgz",
      "integrity": "sha1-NFzz/9oGuhvWKZNbr6yeeCA4UHY="
    },
    "react-native-image-pan-zoom": {
      "version": "2.0.5",
      "resolved": "https://registry.npmjs.org/react-native-image-pan-zoom/-/react-native-image-pan-zoom-2.0.5.tgz",
      "integrity": "sha1-kHujmWjcRgv63HAe3U9j8lu1V2c="
    },
    "typescript": {
      "version": "2.4.2",
      "resolved": "https://registry.npmjs.org/typescript/-/typescript-2.4.2.tgz",
      "integrity": "sha1-+DlfhdRZJ2BnyYiqQYN6j4KHCEQ=",
      "dev": true
    }
  }
}
