# THIS IS AN AUTOGENERATED FILE. DO NOT EDIT THIS FILE DIRECTLY.
# yarn lockfile v1


"@types/react-native@^0.46.5":
  version "0.46.9"
  resolved "http://registry.npm.taobao.org/@types/react-native/download/@types/react-native-0.46.9.tgz#35951b1e51665ec9084433070100c8c8dfef990e"
  dependencies:
    "@types/react" "*"

"@types/react@*", "@types/react@^15.0.38":
  version "15.6.0"
  resolved "http://registry.npm.taobao.org/@types/react/download/@types/react-15.6.0.tgz#3b3e92a60b65045e4df48fda324de84d83addbc4"

nt-transmit-transparently@^1.0.7:
  version "1.0.7"
  resolved "http://registry.npm.taobao.org/nt-transmit-transparently/download/nt-transmit-transparently-1.0.7.tgz#345cf3ffda06ba1bd629935bafac9e7820385076"

react-native-image-pan-zoom@^2.0.5:
  version "2.0.5"
  resolved "http://registry.npm.taobao.org/react-native-image-pan-zoom/download/react-native-image-pan-zoom-2.0.5.tgz#907ba39968dc460bfadc701edd4f63f25bb55767"

typescript@^2.4.2:
  version "2.4.2"
  resolved "http://registry.npm.taobao.org/typescript/download/typescript-2.4.2.tgz#f8395f85d459276067c988aa41837a8f82870844"
