# THIS IS AN AUTOGENERATED FILE. DO NOT EDIT THIS FILE DIRECTLY.
# yarn lockfile v1


"@types/react-native@^0.43.9":
  version "0.43.9"
  resolved "https://registry.yarnpkg.com/@types/react-native/-/react-native-0.43.9.tgz#0b7607af56141ca8dd4c889bbc1834313c95a808"
  dependencies:
    "@types/react" "*"

"@types/react@*", "@types/react@^15.0.23":
  version "15.0.23"
  resolved "https://registry.yarnpkg.com/@types/react/-/react-15.0.23.tgz#f3facbef5290610f54242f00308759d3a3c27346"

nt-transmit-transparently@^1.0.7:
  version "1.0.7"
  resolved "https://registry.yarnpkg.com/nt-transmit-transparently/-/nt-transmit-transparently-1.0.7.tgz#345cf3ffda06ba1bd629935bafac9e7820385076"

react-native-image-pan-zoom@^2.0.0:
  version "2.0.0"
  resolved "https://registry.yarnpkg.com/react-native-image-pan-zoom/-/react-native-image-pan-zoom-2.0.0.tgz#45657606b58479b53c87f08bb6b32e1b7781e289"

typescript@^2.3.2:
  version "2.3.2"
  resolved "https://registry.yarnpkg.com/typescript/-/typescript-2.3.2.tgz#f0f045e196f69a72f06b25fd3bd39d01c3ce9984"
